
Microsoft Visual Studio Solution File, Format Version 12.00
# Visual Studio Version 16
VisualStudioVersion = 16.0.30204.135
MinimumVisualStudioVersion = 10.0.40219.1
Project("{FAE04EC0-301F-11D3-BF4B-00C04F79EFBC}") = "Password", "Password.csproj", "{75939DD7-25E0-4D92-8AF1-1EDBDFDCB624}"
EndProject
Global
	GlobalSection(SolutionConfigurationPlatforms) = preSolution
		Debug|Any CPU = Debug|Any CPU
		Release|Any CPU = Release|Any CPU
	EndGlobalSection
	GlobalSection(ProjectConfigurationPlatforms) = postSolution
		{75939DD7-25E0-4D92-8AF1-1EDBDFDCB624}.Debug|Any CPU.ActiveCfg = Debug|Any CPU
		{75939DD7-25E0-4D92-8AF1-1EDBDFDCB624}.Debug|Any CPU.Build.0 = Debug|Any CPU
		{75939DD7-25E0-4D92-8AF1-1EDBDFDCB624}.Release|Any CPU.ActiveCfg = Release|Any CPU
		{75939DD7-25E0-4D92-8AF1-1EDBDFDCB624}.Release|Any CPU.Build.0 = Release|Any CPU
	EndGlobalSection
	GlobalSection(SolutionProperties) = preSolution
		HideSolutionNode = FALSE
	EndGlobalSection
	GlobalSection(ExtensibilityGlobals) = postSolution
		SolutionGuid = {B89F3545-739B-4E22-BD13-4D6D23499188}
	EndGlobalSection
EndGlobal
